
Microsoft Visual Studio Solution File, Format Version 12.00
# Visual Studio Version 16
VisualStudioVersion = 16.0.30503.244
MinimumVisualStudioVersion = 10.0.40219.1
Project("{9A19103F-16F7-4668-BE54-9A1E7A4F7556}") = "CoolgirlCombiner", "CoolgirlCombiner\CoolgirlCombiner.csproj", "{3BD5CDFF-02F6-4D2A-B95C-CC82EB73785E}"
EndProject
Project("{9A19103F-16F7-4668-BE54-9A1E7A4F7556}") = "NesTiler", "NesTiler\NesTiler.csproj", "{CA49F271-BD26-4AD6-819D-71FC0074C9D5}"
EndProject
Project("{9A19103F-16F7-4668-BE54-9A1E7A4F7556}") = "NesContainers", "NesContainers\NesContainers.csproj", "{736C6FF6-BE77-4E03-B8CD-C1B752512530}"
EndProject
Global
	GlobalSection(SolutionConfigurationPlatforms) = preSolution
		Debug|Any CPU = Debug|Any CPU
		Release|Any CPU = Release|Any CPU
	EndGlobalSection
	GlobalSection(ProjectConfigurationPlatforms) = postSolution
		{3BD5CDFF-02F6-4D2A-B95C-CC82EB73785E}.Debug|Any CPU.ActiveCfg = Debug|Any CPU
		{3BD5CDFF-02F6-4D2A-B95C-CC82EB73785E}.Debug|Any CPU.Build.0 = Debug|Any CPU
		{3BD5CDFF-02F6-4D2A-B95C-CC82EB73785E}.Release|Any CPU.ActiveCfg = Release|Any CPU
		{3BD5CDFF-02F6-4D2A-B95C-CC82EB73785E}.Release|Any CPU.Build.0 = Release|Any CPU
		{CA49F271-BD26-4AD6-819D-71FC0074C9D5}.Debug|Any CPU.ActiveCfg = Debug|Any CPU
		{CA49F271-BD26-4AD6-819D-71FC0074C9D5}.Debug|Any CPU.Build.0 = Debug|Any CPU
		{CA49F271-BD26-4AD6-819D-71FC0074C9D5}.Release|Any CPU.ActiveCfg = Release|Any CPU
		{CA49F271-BD26-4AD6-819D-71FC0074C9D5}.Release|Any CPU.Build.0 = Release|Any CPU
		{736C6FF6-BE77-4E03-B8CD-C1B752512530}.Debug|Any CPU.ActiveCfg = Debug|Any CPU
		{736C6FF6-BE77-4E03-B8CD-C1B752512530}.Debug|Any CPU.Build.0 = Debug|Any CPU
		{736C6FF6-BE77-4E03-B8CD-C1B752512530}.Release|Any CPU.ActiveCfg = Release|Any CPU
		{736C6FF6-BE77-4E03-B8CD-C1B752512530}.Release|Any CPU.Build.0 = Release|Any CPU
	EndGlobalSection
	GlobalSection(SolutionProperties) = preSolution
		HideSolutionNode = FALSE
	EndGlobalSection
	GlobalSection(ExtensibilityGlobals) = postSolution
		SolutionGuid = {7BF4AF31-8F74-4AED-B561-158041180709}
	EndGlobalSection
EndGlobal
