
Microsoft Visual Studio Solution File, Format Version 12.00
# Visual Studio Version 16
VisualStudioVersion = 16.0.30503.244
MinimumVisualStudioVersion = 10.0.40219.1
Project("{FAE04EC0-301F-11D3-BF4B-00C04F79EFBC}") = "CoolgirlCombiner", "CoolgirlCombiner\CoolgirlCombiner.csproj", "{694A3B05-0AB4-4612-8BAB-67890EF04824}"
EndProject
Project("{FAE04EC0-301F-11D3-BF4B-00C04F79EFBC}") = "NesContainers", "NesContainers\NesContainers.csproj", "{DBDE5F39-FF67-496F-999F-65F86DCEC1D5}"
EndProject
Project("{FAE04EC0-301F-11D3-BF4B-00C04F79EFBC}") = "NesTiler", "NesTiler\NesTiler.csproj", "{9CAA1868-07BD-4C76-B211-0E314E15F253}"
EndProject
Global
	GlobalSection(SolutionConfigurationPlatforms) = preSolution
		Debug|Any CPU = Debug|Any CPU
		Release|Any CPU = Release|Any CPU
	EndGlobalSection
	GlobalSection(ProjectConfigurationPlatforms) = postSolution
		{694A3B05-0AB4-4612-8BAB-67890EF04824}.Debug|Any CPU.ActiveCfg = Debug|Any CPU
		{694A3B05-0AB4-4612-8BAB-67890EF04824}.Debug|Any CPU.Build.0 = Debug|Any CPU
		{694A3B05-0AB4-4612-8BAB-67890EF04824}.Release|Any CPU.ActiveCfg = Release|Any CPU
		{694A3B05-0AB4-4612-8BAB-67890EF04824}.Release|Any CPU.Build.0 = Release|Any CPU
		{DBDE5F39-FF67-496F-999F-65F86DCEC1D5}.Debug|Any CPU.ActiveCfg = Debug|Any CPU
		{DBDE5F39-FF67-496F-999F-65F86DCEC1D5}.Debug|Any CPU.Build.0 = Debug|Any CPU
		{DBDE5F39-FF67-496F-999F-65F86DCEC1D5}.Release|Any CPU.ActiveCfg = Release|Any CPU
		{DBDE5F39-FF67-496F-999F-65F86DCEC1D5}.Release|Any CPU.Build.0 = Release|Any CPU
		{9CAA1868-07BD-4C76-B211-0E314E15F253}.Debug|Any CPU.ActiveCfg = Debug|Any CPU
		{9CAA1868-07BD-4C76-B211-0E314E15F253}.Debug|Any CPU.Build.0 = Debug|Any CPU
		{9CAA1868-07BD-4C76-B211-0E314E15F253}.Release|Any CPU.ActiveCfg = Release|Any CPU
		{9CAA1868-07BD-4C76-B211-0E314E15F253}.Release|Any CPU.Build.0 = Release|Any CPU
	EndGlobalSection
	GlobalSection(SolutionProperties) = preSolution
		HideSolutionNode = FALSE
	EndGlobalSection
	GlobalSection(ExtensibilityGlobals) = postSolution
		SolutionGuid = {7BF4AF31-8F74-4AED-B561-158041180709}
	EndGlobalSection
EndGlobal
